{
  "name": "test-action",
  "version": "0.0.1",
  "lockfileVersion": 1,
  "requires": true,
  "dependencies": {
    "tslib": {
      "version": "2.0.3",
      "resolved": "https://registry.npmjs.org/tslib/-/tslib-2.0.3.tgz",
      "integrity": "sha512-uZtkfKblCEQtZKBF6EBXVZeQNl82yqtDQdv+eck8u7tdPxjLu2/lp5/uPW+um2tpuxINHWy3GhiccY7QgEaVHQ=="
    },
    "zone.js": {
      "version": "0.11.3",
      "resolved": "https://registry.npmjs.org/zone.js/-/zone.js-0.11.3.tgz",
      "integrity": "sha512-Y4hTHoh4VcxU5BDGAqEoOnOiyT254w6CiHtpQxAJUSMZPyVgdbKf+5R7Mwz6xsPhMIeBXk5rTopRZDpjssTCUg==",
      "requires": {
        "tslib": "^2.0.0"
      }
    }
  }
}
